
Microsoft Visual Studio Solution File, Format Version 12.00
# Visual Studio Version 16
VisualStudioVersion = 16.0.30907.101
MinimumVisualStudioVersion = 10.0.40219.1
Project("{FAE04EC0-301F-11D3-BF4B-00C04F79EFBC}") = "Aula", "Aula\Aula.csproj", "{22F7B4BC-CE8F-4F77-96D7-BAF315152C7F}"
EndProject
Global
	GlobalSection(SolutionConfigurationPlatforms) = preSolution
		Debug|Any CPU = Debug|Any CPU
		Release|Any CPU = Release|Any CPU
	EndGlobalSection
	GlobalSection(ProjectConfigurationPlatforms) = postSolution
		{22F7B4BC-CE8F-4F77-96D7-BAF315152C7F}.Debug|Any CPU.ActiveCfg = Debug|Any CPU
		{22F7B4BC-CE8F-4F77-96D7-BAF315152C7F}.Debug|Any CPU.Build.0 = Debug|Any CPU
		{22F7B4BC-CE8F-4F77-96D7-BAF315152C7F}.Release|Any CPU.ActiveCfg = Release|Any CPU
		{22F7B4BC-CE8F-4F77-96D7-BAF315152C7F}.Release|Any CPU.Build.0 = Release|Any CPU
	EndGlobalSection
	GlobalSection(SolutionProperties) = preSolution
		HideSolutionNode = FALSE
	EndGlobalSection
	GlobalSection(ExtensibilityGlobals) = postSolution
		SolutionGuid = {6DA865BF-1765-4FBC-9E6B-7CED99981AB8}
	EndGlobalSection
EndGlobal
